
Microsoft Visual Studio Solution File, Format Version 12.00
# Visual Studio Version 17
VisualStudioVersion = 17.6.33815.320
MinimumVisualStudioVersion = 10.0.40219.1
Project("{9A19103F-16F7-4668-BE54-9A1E7A4F7556}") = "BlazorApp1", "BlazorApp1.csproj", "{D35ED0A5-0586-412B-830C-A25900F3B244}"
EndProject
Global
	GlobalSection(SolutionConfigurationPlatforms) = preSolution
		Debug|Any CPU = Debug|Any CPU
		Release|Any CPU = Release|Any CPU
	EndGlobalSection
	GlobalSection(ProjectConfigurationPlatforms) = postSolution
		{D35ED0A5-0586-412B-830C-A25900F3B244}.Debug|Any CPU.ActiveCfg = Debug|Any CPU
		{D35ED0A5-0586-412B-830C-A25900F3B244}.Debug|Any CPU.Build.0 = Debug|Any CPU
		{D35ED0A5-0586-412B-830C-A25900F3B244}.Release|Any CPU.ActiveCfg = Release|Any CPU
		{D35ED0A5-0586-412B-830C-A25900F3B244}.Release|Any CPU.Build.0 = Release|Any CPU
	EndGlobalSection
	GlobalSection(SolutionProperties) = preSolution
		HideSolutionNode = FALSE
	EndGlobalSection
	GlobalSection(ExtensibilityGlobals) = postSolution
		SolutionGuid = {38156F9E-BD7D-4979-8897-D58DFBE7DC79}
	EndGlobalSection
EndGlobal
